// !$*UTF8*$!
{
	archiveVersion = 1;
	classes = {
	};
	objectVersion = 56;
	objects = {

/* Begin PBXBuildFile section */
		9253952A2BDEDA1400906D0F /* WordCard.swift in Sources */ = {isa = PBXBuildFile; fileRef = 925395292BDEDA1400906D0F /* WordCard.swift */; };
		9261962B2BD402C600CA2556 /* RealityKitContent in Frameworks */ = {isa = PBXBuildFile; productRef = 9261962A2BD402C600CA2556 /* RealityKitContent */; };
		9261962D2BD402C600CA2556 /* PoaisisApp.swift in Sources */ = {isa = PBXBuildFile; fileRef = 9261962C2BD402C600CA2556 /* PoaisisApp.swift */; };
		9261962F2BD402C600CA2556 /* CompositionView.swift in Sources */ = {isa = PBXBuildFile; fileRef = 9261962E2BD402C600CA2556 /* CompositionView.swift */; };
		926196312BD402C600CA2556 /* ImmersiveView.swift in Sources */ = {isa = PBXBuildFile; fileRef = 926196302BD402C600CA2556 /* ImmersiveView.swift */; };
		926196332BD402C800CA2556 /* Assets.xcassets in Resources */ = {isa = PBXBuildFile; fileRef = 926196322BD402C800CA2556 /* Assets.xcassets */; };
		926196362BD402C800CA2556 /* Preview Assets.xcassets in Resources */ = {isa = PBXBuildFile; fileRef = 926196352BD402C800CA2556 /* Preview Assets.xcassets */; };
		926196412BD402C800CA2556 /* PoasisTests.swift in Sources */ = {isa = PBXBuildFile; fileRef = 926196402BD402C800CA2556 /* PoasisTests.swift */; };
		92807BB92C71229000695682 /* BoxSelectionView.swift in Sources */ = {isa = PBXBuildFile; fileRef = 92807BB82C71229000695682 /* BoxSelectionView.swift */; };
		92807BBB2C712C8100695682 /* WordData.json in Resources */ = {isa = PBXBuildFile; fileRef = 92807BBA2C712C8100695682 /* WordData.json */; };
		928F95B22C43F6460031B15A /* BoardView.swift in Sources */ = {isa = PBXBuildFile; fileRef = 928F95B12C43F6460031B15A /* BoardView.swift */; };
		928F95B42C4400DC0031B15A /* CompositionView+Snapping.swift in Sources */ = {isa = PBXBuildFile; fileRef = 928F95B32C4400DC0031B15A /* CompositionView+Snapping.swift */; };
		928F95B62C44026B0031B15A /* AppConfig.swift in Sources */ = {isa = PBXBuildFile; fileRef = 928F95B52C44026B0031B15A /* AppConfig.swift */; };
		92B4E95E2BF8F35400D8F203 /* WordReelView.swift in Sources */ = {isa = PBXBuildFile; fileRef = 92B4E95D2BF8F35400D8F203 /* WordReelView.swift */; };
		92B4E9602BF8F89200D8F203 /* WordReel.swift in Sources */ = {isa = PBXBuildFile; fileRef = 92B4E95F2BF8F89200D8F203 /* WordReel.swift */; };
		92BD46B42CC6E2B800FDBFE0 /* BoxChipView.swift in Sources */ = {isa = PBXBuildFile; fileRef = 92BD46B32CC6E2B800FDBFE0 /* BoxChipView.swift */; };
		92D9B3832C6C22B2003FF119 /* AppState.swift in Sources */ = {isa = PBXBuildFile; fileRef = 92D9B3822C6C22B2003FF119 /* AppState.swift */; };
		92EFE7342CF547BA00E4D034 /* pf_wordlist.json in Resources */ = {isa = PBXBuildFile; fileRef = 92EFE7332CF547BA00E4D034 /* pf_wordlist.json */; };
/* End PBXBuildFile section */

/* Begin PBXContainerItemProxy section */
		9261963D2BD402C800CA2556 /* PBXContainerItemProxy */ = {
			isa = PBXContainerItemProxy;
			containerPortal = 9261961D2BD402C600CA2556 /* Project object */;
			proxyType = 1;
			remoteGlobalIDString = 926196242BD402C600CA2556;
			remoteInfo = "Poetry Box";
		};
/* End PBXContainerItemProxy section */

/* Begin PBXFileReference section */
		925395292BDEDA1400906D0F /* WordCard.swift */ = {isa = PBXFileReference; lastKnownFileType = sourcecode.swift; path = WordCard.swift; sourceTree = "<group>"; };
		926196252BD402C600CA2556 /* Poasis.app */ = {isa = PBXFileReference; explicitFileType = wrapper.application; includeInIndex = 0; path = Poasis.app; sourceTree = BUILT_PRODUCTS_DIR; };
		926196292BD402C600CA2556 /* RealityKitContent */ = {isa = PBXFileReference; lastKnownFileType = wrapper; path = RealityKitContent; sourceTree = "<group>"; };
		9261962C2BD402C600CA2556 /* PoaisisApp.swift */ = {isa = PBXFileReference; lastKnownFileType = sourcecode.swift; path = PoaisisApp.swift; sourceTree = "<group>"; };
		9261962E2BD402C600CA2556 /* CompositionView.swift */ = {isa = PBXFileReference; lastKnownFileType = sourcecode.swift; path = CompositionView.swift; sourceTree = "<group>"; };
		926196302BD402C600CA2556 /* ImmersiveView.swift */ = {isa = PBXFileReference; lastKnownFileType = sourcecode.swift; path = ImmersiveView.swift; sourceTree = "<group>"; };
		926196322BD402C800CA2556 /* Assets.xcassets */ = {isa = PBXFileReference; lastKnownFileType = folder.assetcatalog; path = Assets.xcassets; sourceTree = "<group>"; };
		926196352BD402C800CA2556 /* Preview Assets.xcassets */ = {isa = PBXFileReference; lastKnownFileType = folder.assetcatalog; path = "Preview Assets.xcassets"; sourceTree = "<group>"; };
		926196372BD402C800CA2556 /* Info.plist */ = {isa = PBXFileReference; lastKnownFileType = text.plist.xml; path = Info.plist; sourceTree = "<group>"; };
		9261963C2BD402C800CA2556 /* PoasisTests.xctest */ = {isa = PBXFileReference; explicitFileType = wrapper.cfbundle; includeInIndex = 0; path = PoasisTests.xctest; sourceTree = BUILT_PRODUCTS_DIR; };
		926196402BD402C800CA2556 /* PoasisTests.swift */ = {isa = PBXFileReference; lastKnownFileType = sourcecode.swift; path = PoasisTests.swift; sourceTree = "<group>"; };
		92807BB82C71229000695682 /* BoxSelectionView.swift */ = {isa = PBXFileReference; lastKnownFileType = sourcecode.swift; path = BoxSelectionView.swift; sourceTree = "<group>"; };
		92807BBA2C712C8100695682 /* WordData.json */ = {isa = PBXFileReference; lastKnownFileType = text.json; path = WordData.json; sourceTree = "<group>"; };
		928423CB2C31FF24007635B6 /* todo.md */ = {isa = PBXFileReference; lastKnownFileType = net.daringfireball.markdown; path = todo.md; sourceTree = "<group>"; };
		928F95B12C43F6460031B15A /* BoardView.swift */ = {isa = PBXFileReference; lastKnownFileType = sourcecode.swift; path = BoardView.swift; sourceTree = "<group>"; };
		928F95B32C4400DC0031B15A /* CompositionView+Snapping.swift */ = {isa = PBXFileReference; lastKnownFileType = sourcecode.swift; path = "CompositionView+Snapping.swift"; sourceTree = "<group>"; };
		928F95B52C44026B0031B15A /* AppConfig.swift */ = {isa = PBXFileReference; lastKnownFileType = sourcecode.swift; path = AppConfig.swift; sourceTree = "<group>"; };
		92B4E95D2BF8F35400D8F203 /* WordReelView.swift */ = {isa = PBXFileReference; lastKnownFileType = sourcecode.swift; path = WordReelView.swift; sourceTree = "<group>"; };
		92B4E95F2BF8F89200D8F203 /* WordReel.swift */ = {isa = PBXFileReference; lastKnownFileType = sourcecode.swift; path = WordReel.swift; sourceTree = "<group>"; };
		92BD46B32CC6E2B800FDBFE0 /* BoxChipView.swift */ = {isa = PBXFileReference; lastKnownFileType = sourcecode.swift; path = BoxChipView.swift; sourceTree = "<group>"; };
		92D9B3822C6C22B2003FF119 /* AppState.swift */ = {isa = PBXFileReference; lastKnownFileType = sourcecode.swift; path = AppState.swift; sourceTree = "<group>"; };
		92EFE7332CF547BA00E4D034 /* pf_wordlist.json */ = {isa = PBXFileReference; lastKnownFileType = text.json; path = pf_wordlist.json; sourceTree = "<group>"; };
/* End PBXFileReference section */

/* Begin PBXFrameworksBuildPhase section */
		926196222BD402C600CA2556 /* Frameworks */ = {
			isa = PBXFrameworksBuildPhase;
			buildActionMask = 2147483647;
			files = (
				9261962B2BD402C600CA2556 /* RealityKitContent in Frameworks */,
			);
			runOnlyForDeploymentPostprocessing = 0;
		};
		926196392BD402C800CA2556 /* Frameworks */ = {
			isa = PBXFrameworksBuildPhase;
			buildActionMask = 2147483647;
			files = (
			);
			runOnlyForDeploymentPostprocessing = 0;
		};
/* End PBXFrameworksBuildPhase section */

/* Begin PBXGroup section */
		9261961C2BD402C600CA2556 = {
			isa = PBXGroup;
			children = (
				926196272BD402C600CA2556 /* Poasis */,
				926196282BD402C600CA2556 /* Packages */,
				9261963F2BD402C800CA2556 /* PoasisTests */,
				926196262BD402C600CA2556 /* Products */,
			);
			sourceTree = "<group>";
		};
		926196262BD402C600CA2556 /* Products */ = {
			isa = PBXGroup;
			children = (
				926196252BD402C600CA2556 /* Poasis.app */,
				9261963C2BD402C800CA2556 /* PoasisTests.xctest */,
			);
			name = Products;
			sourceTree = "<group>";
		};
		926196272BD402C600CA2556 /* Poasis */ = {
			isa = PBXGroup;
			children = (
				92BD46B22CC6E29700FDBFE0 /* BoxSelection */,
				9261962C2BD402C600CA2556 /* PoaisisApp.swift */,
				9261962E2BD402C600CA2556 /* CompositionView.swift */,
				928F95B52C44026B0031B15A /* AppConfig.swift */,
				928F95B32C4400DC0031B15A /* CompositionView+Snapping.swift */,
				928F95B12C43F6460031B15A /* BoardView.swift */,
				92B4E95D2BF8F35400D8F203 /* WordReelView.swift */,
				92B4E95F2BF8F89200D8F203 /* WordReel.swift */,
				926196302BD402C600CA2556 /* ImmersiveView.swift */,
				926196322BD402C800CA2556 /* Assets.xcassets */,
				926196372BD402C800CA2556 /* Info.plist */,
				926196342BD402C800CA2556 /* Preview Content */,
				925395292BDEDA1400906D0F /* WordCard.swift */,
				92EFE7332CF547BA00E4D034 /* pf_wordlist.json */,
				928423CB2C31FF24007635B6 /* todo.md */,
				92D9B3822C6C22B2003FF119 /* AppState.swift */,
				92807BBA2C712C8100695682 /* WordData.json */,
			);
			path = Poasis;
			sourceTree = "<group>";
		};
		926196282BD402C600CA2556 /* Packages */ = {
			isa = PBXGroup;
			children = (
				926196292BD402C600CA2556 /* RealityKitContent */,
			);
			path = Packages;
			sourceTree = "<group>";
		};
		926196342BD402C800CA2556 /* Preview Content */ = {
			isa = PBXGroup;
			children = (
				926196352BD402C800CA2556 /* Preview Assets.xcassets */,
			);
			path = "Preview Content";
			sourceTree = "<group>";
		};
		9261963F2BD402C800CA2556 /* PoasisTests */ = {
			isa = PBXGroup;
			children = (
				926196402BD402C800CA2556 /* PoasisTests.swift */,
			);
			path = PoasisTests;
			sourceTree = "<group>";
		};
		92BD46B22CC6E29700FDBFE0 /* BoxSelection */ = {
			isa = PBXGroup;
			children = (
				92807BB82C71229000695682 /* BoxSelectionView.swift */,
				92BD46B32CC6E2B800FDBFE0 /* BoxChipView.swift */,
			);
			path = BoxSelection;
			sourceTree = "<group>";
		};
/* End PBXGroup section */

/* Begin PBXNativeTarget section */
		926196242BD402C600CA2556 /* Poasis */ = {
			isa = PBXNativeTarget;
			buildConfigurationList = 926196442BD402C800CA2556 /* Build configuration list for PBXNativeTarget "Poasis" */;
			buildPhases = (
				926196212BD402C600CA2556 /* Sources */,
				926196222BD402C600CA2556 /* Frameworks */,
				926196232BD402C600CA2556 /* Resources */,
			);
			buildRules = (
			);
			dependencies = (
			);
			name = Poasis;
			packageProductDependencies = (
				9261962A2BD402C600CA2556 /* RealityKitContent */,
			);
			productName = "Poetry Box";
			productReference = 926196252BD402C600CA2556 /* Poasis.app */;
			productType = "com.apple.product-type.application";
		};
		9261963B2BD402C800CA2556 /* PoasisTests */ = {
			isa = PBXNativeTarget;
			buildConfigurationList = 926196472BD402C800CA2556 /* Build configuration list for PBXNativeTarget "PoasisTests" */;
			buildPhases = (
				926196382BD402C800CA2556 /* Sources */,
				926196392BD402C800CA2556 /* Frameworks */,
				9261963A2BD402C800CA2556 /* Resources */,
			);
			buildRules = (
			);
			dependencies = (
				9261963E2BD402C800CA2556 /* PBXTargetDependency */,
			);
			name = PoasisTests;
			productName = "Poetry BoxTests";
			productReference = 9261963C2BD402C800CA2556 /* PoasisTests.xctest */;
			productType = "com.apple.product-type.bundle.unit-test";
		};
/* End PBXNativeTarget section */

/* Begin PBXProject section */
		9261961D2BD402C600CA2556 /* Project object */ = {
			isa = PBXProject;
			attributes = {
				BuildIndependentTargetsInParallel = 1;
				LastSwiftUpdateCheck = 1530;
				LastUpgradeCheck = 1530;
				TargetAttributes = {
					926196242BD402C600CA2556 = {
						CreatedOnToolsVersion = 15.3;
					};
					9261963B2BD402C800CA2556 = {
						CreatedOnToolsVersion = 15.3;
						TestTargetID = 926196242BD402C600CA2556;
					};
				};
			};
			buildConfigurationList = 926196202BD402C600CA2556 /* Build configuration list for PBXProject "Poasis" */;
			compatibilityVersion = "Xcode 14.0";
			developmentRegion = en;
			hasScannedForEncodings = 0;
			knownRegions = (
				en,
				Base,
			);
			mainGroup = 9261961C2BD402C600CA2556;
			productRefGroup = 926196262BD402C600CA2556 /* Products */;
			projectDirPath = "";
			projectRoot = "";
			targets = (
				926196242BD402C600CA2556 /* Poasis */,
				9261963B2BD402C800CA2556 /* PoasisTests */,
			);
		};
/* End PBXProject section */

/* Begin PBXResourcesBuildPhase section */
		926196232BD402C600CA2556 /* Resources */ = {
			isa = PBXResourcesBuildPhase;
			buildActionMask = 2147483647;
			files = (
				926196362BD402C800CA2556 /* Preview Assets.xcassets in Resources */,
				92EFE7342CF547BA00E4D034 /* pf_wordlist.json in Resources */,
				92807BBB2C712C8100695682 /* WordData.json in Resources */,
				926196332BD402C800CA2556 /* Assets.xcassets in Resources */,
			);
			runOnlyForDeploymentPostprocessing = 0;
		};
		9261963A2BD402C800CA2556 /* Resources */ = {
			isa = PBXResourcesBuildPhase;
			buildActionMask = 2147483647;
			files = (
			);
			runOnlyForDeploymentPostprocessing = 0;
		};
/* End PBXResourcesBuildPhase section */

/* Begin PBXSourcesBuildPhase section */
		926196212BD402C600CA2556 /* Sources */ = {
			isa = PBXSourcesBuildPhase;
			buildActionMask = 2147483647;
			files = (
				928F95B62C44026B0031B15A /* AppConfig.swift in Sources */,
				92807BB92C71229000695682 /* BoxSelectionView.swift in Sources */,
				92D9B3832C6C22B2003FF119 /* AppState.swift in Sources */,
				928F95B22C43F6460031B15A /* BoardView.swift in Sources */,
				92BD46B42CC6E2B800FDBFE0 /* BoxChipView.swift in Sources */,
				92B4E95E2BF8F35400D8F203 /* WordReelView.swift in Sources */,
				9261962F2BD402C600CA2556 /* CompositionView.swift in Sources */,
				928F95B42C4400DC0031B15A /* CompositionView+Snapping.swift in Sources */,
				9261962D2BD402C600CA2556 /* PoaisisApp.swift in Sources */,
				92B4E9602BF8F89200D8F203 /* WordReel.swift in Sources */,
				926196312BD402C600CA2556 /* ImmersiveView.swift in Sources */,
				9253952A2BDEDA1400906D0F /* WordCard.swift in Sources */,
			);
			runOnlyForDeploymentPostprocessing = 0;
		};
		926196382BD402C800CA2556 /* Sources */ = {
			isa = PBXSourcesBuildPhase;
			buildActionMask = 2147483647;
			files = (
				926196412BD402C800CA2556 /* PoasisTests.swift in Sources */,
			);
			runOnlyForDeploymentPostprocessing = 0;
		};
/* End PBXSourcesBuildPhase section */

/* Begin PBXTargetDependency section */
		9261963E2BD402C800CA2556 /* PBXTargetDependency */ = {
			isa = PBXTargetDependency;
			target = 926196242BD402C600CA2556 /* Poasis */;
			targetProxy = 9261963D2BD402C800CA2556 /* PBXContainerItemProxy */;
		};
/* End PBXTargetDependency section */

/* Begin XCBuildConfiguration section */
		926196422BD402C800CA2556 /* Debug */ = {
			isa = XCBuildConfiguration;
			buildSettings = {
				ALWAYS_SEARCH_USER_PATHS = NO;
				ASSETCATALOG_COMPILER_GENERATE_SWIFT_ASSET_SYMBOL_EXTENSIONS = YES;
				CLANG_ANALYZER_NONNULL = YES;
				CLANG_ANALYZER_NUMBER_OBJECT_CONVERSION = YES_AGGRESSIVE;
				CLANG_CXX_LANGUAGE_STANDARD = "gnu++20";
				CLANG_ENABLE_MODULES = YES;
				CLANG_ENABLE_OBJC_ARC = YES;
				CLANG_ENABLE_OBJC_WEAK = YES;
				CLANG_WARN_BLOCK_CAPTURE_AUTORELEASING = YES;
				CLANG_WARN_BOOL_CONVERSION = YES;
				CLANG_WARN_COMMA = YES;
				CLANG_WARN_CONSTANT_CONVERSION = YES;
				CLANG_WARN_DEPRECATED_OBJC_IMPLEMENTATIONS = YES;
				CLANG_WARN_DIRECT_OBJC_ISA_USAGE = YES_ERROR;
				CLANG_WARN_DOCUMENTATION_COMMENTS = YES;
				CLANG_WARN_EMPTY_BODY = YES;
				CLANG_WARN_ENUM_CONVERSION = YES;
				CLANG_WARN_INFINITE_RECURSION = YES;
				CLANG_WARN_INT_CONVERSION = YES;
				CLANG_WARN_NON_LITERAL_NULL_CONVERSION = YES;
				CLANG_WARN_OBJC_IMPLICIT_RETAIN_SELF = YES;
				CLANG_WARN_OBJC_LITERAL_CONVERSION = YES;
				CLANG_WARN_OBJC_ROOT_CLASS = YES_ERROR;
				CLANG_WARN_QUOTED_INCLUDE_IN_FRAMEWORK_HEADER = YES;
				CLANG_WARN_RANGE_LOOP_ANALYSIS = YES;
				CLANG_WARN_STRICT_PROTOTYPES = YES;
				CLANG_WARN_SUSPICIOUS_MOVE = YES;
				CLANG_WARN_UNGUARDED_AVAILABILITY = YES_AGGRESSIVE;
				CLANG_WARN_UNREACHABLE_CODE = YES;
				CLANG_WARN__DUPLICATE_METHOD_MATCH = YES;
				COPY_PHASE_STRIP = NO;
				DEBUG_INFORMATION_FORMAT = dwarf;
				ENABLE_STRICT_OBJC_MSGSEND = YES;
				ENABLE_TESTABILITY = YES;
				ENABLE_USER_SCRIPT_SANDBOXING = YES;
				GCC_C_LANGUAGE_STANDARD = gnu17;
				GCC_DYNAMIC_NO_PIC = NO;
				GCC_NO_COMMON_BLOCKS = YES;
				GCC_OPTIMIZATION_LEVEL = 0;
				GCC_PREPROCESSOR_DEFINITIONS = (
					"DEBUG=1",
					"$(inherited)",
				);
				GCC_WARN_64_TO_32_BIT_CONVERSION = YES;
				GCC_WARN_ABOUT_RETURN_TYPE = YES_ERROR;
				GCC_WARN_UNDECLARED_SELECTOR = YES;
				GCC_WARN_UNINITIALIZED_AUTOS = YES_AGGRESSIVE;
				GCC_WARN_UNUSED_FUNCTION = YES;
				GCC_WARN_UNUSED_VARIABLE = YES;
				LOCALIZATION_PREFERS_STRING_CATALOGS = YES;
				MTL_ENABLE_DEBUG_INFO = INCLUDE_SOURCE;
				MTL_FAST_MATH = YES;
				ONLY_ACTIVE_ARCH = YES;
				SDKROOT = xros;
				SWIFT_ACTIVE_COMPILATION_CONDITIONS = "DEBUG $(inherited)";
				SWIFT_OPTIMIZATION_LEVEL = "-Onone";
				XROS_DEPLOYMENT_TARGET = 1.1;
			};
			name = Debug;
		};
		926196432BD402C800CA2556 /* Release */ = {
			isa = XCBuildConfiguration;
			buildSettings = {
				ALWAYS_SEARCH_USER_PATHS = NO;
				ASSETCATALOG_COMPILER_GENERATE_SWIFT_ASSET_SYMBOL_EXTENSIONS = YES;
				CLANG_ANALYZER_NONNULL = YES;
				CLANG_ANALYZER_NUMBER_OBJECT_CONVERSION = YES_AGGRESSIVE;
				CLANG_CXX_LANGUAGE_STANDARD = "gnu++20";
				CLANG_ENABLE_MODULES = YES;
				CLANG_ENABLE_OBJC_ARC = YES;
				CLANG_ENABLE_OBJC_WEAK = YES;
				CLANG_WARN_BLOCK_CAPTURE_AUTORELEASING = YES;
				CLANG_WARN_BOOL_CONVERSION = YES;
				CLANG_WARN_COMMA = YES;
				CLANG_WARN_CONSTANT_CONVERSION = YES;
				CLANG_WARN_DEPRECATED_OBJC_IMPLEMENTATIONS = YES;
				CLANG_WARN_DIRECT_OBJC_ISA_USAGE = YES_ERROR;
				CLANG_WARN_DOCUMENTATION_COMMENTS = YES;
				CLANG_WARN_EMPTY_BODY = YES;
				CLANG_WARN_ENUM_CONVERSION = YES;
				CLANG_WARN_INFINITE_RECURSION = YES;
				CLANG_WARN_INT_CONVERSION = YES;
				CLANG_WARN_NON_LITERAL_NULL_CONVERSION = YES;
				CLANG_WARN_OBJC_IMPLICIT_RETAIN_SELF = YES;
				CLANG_WARN_OBJC_LITERAL_CONVERSION = YES;
				CLANG_WARN_OBJC_ROOT_CLASS = YES_ERROR;
				CLANG_WARN_QUOTED_INCLUDE_IN_FRAMEWORK_HEADER = YES;
				CLANG_WARN_RANGE_LOOP_ANALYSIS = YES;
				CLANG_WARN_STRICT_PROTOTYPES = YES;
				CLANG_WARN_SUSPICIOUS_MOVE = YES;
				CLANG_WARN_UNGUARDED_AVAILABILITY = YES_AGGRESSIVE;
				CLANG_WARN_UNREACHABLE_CODE = YES;
				CLANG_WARN__DUPLICATE_METHOD_MATCH = YES;
				COPY_PHASE_STRIP = NO;
				DEBUG_INFORMATION_FORMAT = "dwarf-with-dsym";
				ENABLE_NS_ASSERTIONS = NO;
				ENABLE_STRICT_OBJC_MSGSEND = YES;
				ENABLE_USER_SCRIPT_SANDBOXING = YES;
				GCC_C_LANGUAGE_STANDARD = gnu17;
				GCC_NO_COMMON_BLOCKS = YES;
				GCC_WARN_64_TO_32_BIT_CONVERSION = YES;
				GCC_WARN_ABOUT_RETURN_TYPE = YES_ERROR;
				GCC_WARN_UNDECLARED_SELECTOR = YES;
				GCC_WARN_UNINITIALIZED_AUTOS = YES_AGGRESSIVE;
				GCC_WARN_UNUSED_FUNCTION = YES;
				GCC_WARN_UNUSED_VARIABLE = YES;
				LOCALIZATION_PREFERS_STRING_CATALOGS = YES;
				MTL_ENABLE_DEBUG_INFO = NO;
				MTL_FAST_MATH = YES;
				SDKROOT = xros;
				SWIFT_COMPILATION_MODE = wholemodule;
				VALIDATE_PRODUCT = YES;
				XROS_DEPLOYMENT_TARGET = 1.1;
			};
			name = Release;
		};
		926196452BD402C800CA2556 /* Debug */ = {
			isa = XCBuildConfiguration;
			buildSettings = {
				ASSETCATALOG_COMPILER_APPICON_NAME = AppIcon;
				ASSETCATALOG_COMPILER_GLOBAL_ACCENT_COLOR_NAME = AccentColor;
				CODE_SIGN_STYLE = Automatic;
				CURRENT_PROJECT_VERSION = 1;
				DEVELOPMENT_ASSET_PATHS = "\"Poasis/Preview Content\"";
				DEVELOPMENT_TEAM = K74AW7CZZ5;
				ENABLE_PREVIEWS = YES;
				GENERATE_INFOPLIST_FILE = YES;
				INFOPLIST_FILE = "$(TARGET_NAME)/Info.plist";
				LD_RUNPATH_SEARCH_PATHS = (
					"$(inherited)",
					"@executable_path/Frameworks",
				);
				MARKETING_VERSION = 1.0;
				PRODUCT_BUNDLE_IDENTIFIER = andyhan.Poasis;
				PRODUCT_NAME = "$(TARGET_NAME)";
				SUPPORTED_PLATFORMS = "xros xrsimulator";
				SWIFT_EMIT_LOC_STRINGS = YES;
				SWIFT_VERSION = 5.0;
				TARGETED_DEVICE_FAMILY = "1,2,7";
			};
			name = Debug;
		};
		926196462BD402C800CA2556 /* Release */ = {
			isa = XCBuildConfiguration;
			buildSettings = {
				ASSETCATALOG_COMPILER_APPICON_NAME = AppIcon;
				ASSETCATALOG_COMPILER_GLOBAL_ACCENT_COLOR_NAME = AccentColor;
				CODE_SIGN_STYLE = Automatic;
				CURRENT_PROJECT_VERSION = 1;
				DEVELOPMENT_ASSET_PATHS = "\"Poasis/Preview Content\"";
				DEVELOPMENT_TEAM = K74AW7CZZ5;
				ENABLE_PREVIEWS = YES;
				GENERATE_INFOPLIST_FILE = YES;
				INFOPLIST_FILE = "$(TARGET_NAME)/Info.plist";
				LD_RUNPATH_SEARCH_PATHS = (
					"$(inherited)",
					"@executable_path/Frameworks",
				);
				MARKETING_VERSION = 1.0;
				PRODUCT_BUNDLE_IDENTIFIER = andyhan.Poasis;
				PRODUCT_NAME = "$(TARGET_NAME)";
				SUPPORTED_PLATFORMS = "xros xrsimulator";
				SWIFT_EMIT_LOC_STRINGS = YES;
				SWIFT_VERSION = 5.0;
				TARGETED_DEVICE_FAMILY = "1,2,7";
			};
			name = Release;
		};
		926196482BD402C800CA2556 /* Debug */ = {
			isa = XCBuildConfiguration;
			buildSettings = {
				ALWAYS_EMBED_SWIFT_STANDARD_LIBRARIES = YES;
				BUNDLE_LOADER = "$(TEST_HOST)";
				CODE_SIGN_STYLE = Automatic;
				CURRENT_PROJECT_VERSION = 1;
				DEVELOPMENT_TEAM = K74AW7CZZ5;
				GENERATE_INFOPLIST_FILE = YES;
				MARKETING_VERSION = 1.0;
				PRODUCT_BUNDLE_IDENTIFIER = "andyhan.Poetry-BoxTests";
				PRODUCT_NAME = "$(TARGET_NAME)";
				SUPPORTED_PLATFORMS = "xros xrsimulator";
				SWIFT_EMIT_LOC_STRINGS = NO;
				SWIFT_VERSION = 5.0;
				TARGETED_DEVICE_FAMILY = "1,2,7";
				TEST_HOST = "$(BUILT_PRODUCTS_DIR)/Poasis.app/$(BUNDLE_EXECUTABLE_FOLDER_PATH)/Poasis";
				XROS_DEPLOYMENT_TARGET = 1.1;
			};
			name = Debug;
		};
		926196492BD402C800CA2556 /* Release */ = {
			isa = XCBuildConfiguration;
			buildSettings = {
				ALWAYS_EMBED_SWIFT_STANDARD_LIBRARIES = YES;
				BUNDLE_LOADER = "$(TEST_HOST)";
				CODE_SIGN_STYLE = Automatic;
				CURRENT_PROJECT_VERSION = 1;
				DEVELOPMENT_TEAM = K74AW7CZZ5;
				GENERATE_INFOPLIST_FILE = YES;
				MARKETING_VERSION = 1.0;
				PRODUCT_BUNDLE_IDENTIFIER = "andyhan.Poetry-BoxTests";
				PRODUCT_NAME = "$(TARGET_NAME)";
				SUPPORTED_PLATFORMS = "xros xrsimulator";
				SWIFT_EMIT_LOC_STRINGS = NO;
				SWIFT_VERSION = 5.0;
				TARGETED_DEVICE_FAMILY = "1,2,7";
				TEST_HOST = "$(BUILT_PRODUCTS_DIR)/Poasis.app/$(BUNDLE_EXECUTABLE_FOLDER_PATH)/Poasis";
				XROS_DEPLOYMENT_TARGET = 1.1;
			};
			name = Release;
		};
/* End XCBuildConfiguration section */

/* Begin XCConfigurationList section */
		926196202BD402C600CA2556 /* Build configuration list for PBXProject "Poasis" */ = {
			isa = XCConfigurationList;
			buildConfigurations = (
				926196422BD402C800CA2556 /* Debug */,
				926196432BD402C800CA2556 /* Release */,
			);
			defaultConfigurationIsVisible = 0;
			defaultConfigurationName = Release;
		};
		926196442BD402C800CA2556 /* Build configuration list for PBXNativeTarget "Poasis" */ = {
			isa = XCConfigurationList;
			buildConfigurations = (
				926196452BD402C800CA2556 /* Debug */,
				926196462BD402C800CA2556 /* Release */,
			);
			defaultConfigurationIsVisible = 0;
			defaultConfigurationName = Release;
		};
		926196472BD402C800CA2556 /* Build configuration list for PBXNativeTarget "PoasisTests" */ = {
			isa = XCConfigurationList;
			buildConfigurations = (
				926196482BD402C800CA2556 /* Debug */,
				926196492BD402C800CA2556 /* Release */,
			);
			defaultConfigurationIsVisible = 0;
			defaultConfigurationName = Release;
		};
/* End XCConfigurationList section */

/* Begin XCSwiftPackageProductDependency section */
		9261962A2BD402C600CA2556 /* RealityKitContent */ = {
			isa = XCSwiftPackageProductDependency;
			productName = RealityKitContent;
		};
/* End XCSwiftPackageProductDependency section */
	};
	rootObject = 9261961D2BD402C600CA2556 /* Project object */;
}
